
Microsoft Visual Studio Solution File, Format Version 12.00
# Visual Studio Version 17
VisualStudioVersion = 17.1.32414.318
MinimumVisualStudioVersion = 10.0.40219.1
Project("{FAE04EC0-301F-11D3-BF4B-00C04F79EFBC}") = "User.API", "User.API.csproj", "{8BC71FE2-A7F9-43DA-B60D-65F4574C3A34}"
EndProject
Project("{2150E333-8FDC-42A3-9474-1A3956D46DE8}") = "Solution Items", "Solution Items", "{09F283AF-FA9E-40D0-9D4D-FE22C500A010}"
	ProjectSection(SolutionItems) = preProject
		.editorconfig = .editorconfig
	EndProjectSection
EndProject
Global
	GlobalSection(SolutionConfigurationPlatforms) = preSolution
		Debug|Any CPU = Debug|Any CPU
		Release|Any CPU = Release|Any CPU
	EndGlobalSection
	GlobalSection(ProjectConfigurationPlatforms) = postSolution
		{8BC71FE2-A7F9-43DA-B60D-65F4574C3A34}.Debug|Any CPU.ActiveCfg = Debug|Any CPU
		{8BC71FE2-A7F9-43DA-B60D-65F4574C3A34}.Debug|Any CPU.Build.0 = Debug|Any CPU
		{8BC71FE2-A7F9-43DA-B60D-65F4574C3A34}.Release|Any CPU.ActiveCfg = Release|Any CPU
		{8BC71FE2-A7F9-43DA-B60D-65F4574C3A34}.Release|Any CPU.Build.0 = Release|Any CPU
	EndGlobalSection
	GlobalSection(SolutionProperties) = preSolution
		HideSolutionNode = FALSE
	EndGlobalSection
	GlobalSection(ExtensibilityGlobals) = postSolution
		SolutionGuid = {A6C42E94-B540-447C-860D-DD1C5DB1D4DC}
	EndGlobalSection
EndGlobal
